
Microsoft Visual Studio Solution File, Format Version 12.00
# Visual Studio 15
VisualStudioVersion = 15.0.28307.1062
MinimumVisualStudioVersion = 10.0.40219.1
Project("{FAE04EC0-301F-11D3-BF4B-00C04F79EFBC}") = "WebApp1", "WebApp1\WebApp1.csproj", "{153113E2-7A92-40CD-93B6-98EB51062A6A}"
EndProject
Global
	GlobalSection(SolutionConfigurationPlatforms) = preSolution
		Debug|Any CPU = Debug|Any CPU
		Release|Any CPU = Release|Any CPU
	EndGlobalSection
	GlobalSection(ProjectConfigurationPlatforms) = postSolution
		{153113E2-7A92-40CD-93B6-98EB51062A6A}.Debug|Any CPU.ActiveCfg = Debug|Any CPU
		{153113E2-7A92-40CD-93B6-98EB51062A6A}.Debug|Any CPU.Build.0 = Debug|Any CPU
		{153113E2-7A92-40CD-93B6-98EB51062A6A}.Release|Any CPU.ActiveCfg = Release|Any CPU
		{153113E2-7A92-40CD-93B6-98EB51062A6A}.Release|Any CPU.Build.0 = Release|Any CPU
	EndGlobalSection
	GlobalSection(SolutionProperties) = preSolution
		HideSolutionNode = FALSE
	EndGlobalSection
	GlobalSection(ExtensibilityGlobals) = postSolution
		SolutionGuid = {8606162E-E4FD-4621-9D66-E717B5A1A899}
	EndGlobalSection
EndGlobal
